
Microsoft Visual Studio Solution File, Format Version 12.00
# Visual Studio Version 17
VisualStudioVersion = 17.11.35312.102
MinimumVisualStudioVersion = 10.0.40219.1
Project("{2150E333-8FDC-42A3-9474-1A3956D46DE8}") = "src", "src", "{369A643C-5B21-477A-BEAA-8338BAFAC35D}"
EndProject
Project("{2150E333-8FDC-42A3-9474-1A3956D46DE8}") = "test", "test", "{B276D708-1915-415A-866B-0594B455BB23}"
EndProject
Project("{9A19103F-16F7-4668-BE54-9A1E7A4F7556}") = "Bowling.ConsoleApp", "src\Bowling.ConsoleApp\Bowling.ConsoleApp.csproj", "{B41123D0-1AC1-4D05-92F8-62A99B23F28C}"
EndProject
Project("{9A19103F-16F7-4668-BE54-9A1E7A4F7556}") = "Bowling.TestProject", "test\Bowling.TestProject\Bowling.TestProject.csproj", "{40B4E5AC-3690-4161-B157-810196A2FC76}"
EndProject
Project("{2150E333-8FDC-42A3-9474-1A3956D46DE8}") = "Solution Items", "Solution Items", "{EA21298A-C3D5-4CB8-9464-2846A62220C7}"
	ProjectSection(SolutionItems) = preProject
		README.md = README.md
	EndProjectSection
EndProject
Global
	GlobalSection(SolutionConfigurationPlatforms) = preSolution
		Debug|Any CPU = Debug|Any CPU
		Release|Any CPU = Release|Any CPU
	EndGlobalSection
	GlobalSection(ProjectConfigurationPlatforms) = postSolution
		{B41123D0-1AC1-4D05-92F8-62A99B23F28C}.Debug|Any CPU.ActiveCfg = Debug|Any CPU
		{B41123D0-1AC1-4D05-92F8-62A99B23F28C}.Debug|Any CPU.Build.0 = Debug|Any CPU
		{B41123D0-1AC1-4D05-92F8-62A99B23F28C}.Release|Any CPU.ActiveCfg = Release|Any CPU
		{B41123D0-1AC1-4D05-92F8-62A99B23F28C}.Release|Any CPU.Build.0 = Release|Any CPU
		{40B4E5AC-3690-4161-B157-810196A2FC76}.Debug|Any CPU.ActiveCfg = Debug|Any CPU
		{40B4E5AC-3690-4161-B157-810196A2FC76}.Debug|Any CPU.Build.0 = Debug|Any CPU
		{40B4E5AC-3690-4161-B157-810196A2FC76}.Release|Any CPU.ActiveCfg = Release|Any CPU
		{40B4E5AC-3690-4161-B157-810196A2FC76}.Release|Any CPU.Build.0 = Release|Any CPU
	EndGlobalSection
	GlobalSection(SolutionProperties) = preSolution
		HideSolutionNode = FALSE
	EndGlobalSection
	GlobalSection(NestedProjects) = preSolution
		{B41123D0-1AC1-4D05-92F8-62A99B23F28C} = {369A643C-5B21-477A-BEAA-8338BAFAC35D}
		{40B4E5AC-3690-4161-B157-810196A2FC76} = {B276D708-1915-415A-866B-0594B455BB23}
	EndGlobalSection
	GlobalSection(ExtensibilityGlobals) = postSolution
		SolutionGuid = {8AAE3DDD-D4F1-4B12-828E-BBAE1FD89405}
	EndGlobalSection
EndGlobal
